
Microsoft Visual Studio Solution File, Format Version 12.00
# Visual Studio Version 16
VisualStudioVersion = 16.0.31729.503
MinimumVisualStudioVersion = 10.0.40219.1
Project("{A0786B88-2ADB-4C21-ABE8-AA2D79766269}") = "EJERCICIO 02", "EJERCICIO 02.phpproj", "{7951685F-CD25-4337-9D69-15EA9AC23F57}"
EndProject
Global
	GlobalSection(SolutionConfigurationPlatforms) = preSolution
		Debug|Any CPU = Debug|Any CPU
		Release|Any CPU = Release|Any CPU
	EndGlobalSection
	GlobalSection(ProjectConfigurationPlatforms) = postSolution
		{7951685F-CD25-4337-9D69-15EA9AC23F57}.Debug|Any CPU.ActiveCfg = Debug|Any CPU
		{7951685F-CD25-4337-9D69-15EA9AC23F57}.Debug|Any CPU.Build.0 = Debug|Any CPU
		{7951685F-CD25-4337-9D69-15EA9AC23F57}.Release|Any CPU.ActiveCfg = Release|Any CPU
		{7951685F-CD25-4337-9D69-15EA9AC23F57}.Release|Any CPU.Build.0 = Release|Any CPU
	EndGlobalSection
	GlobalSection(SolutionProperties) = preSolution
		HideSolutionNode = FALSE
	EndGlobalSection
	GlobalSection(ExtensibilityGlobals) = postSolution
		SolutionGuid = {CBE8CBB9-B6AF-448E-903D-9DBD806BF0EF}
	EndGlobalSection
EndGlobal
